
Microsoft Visual Studio Solution File, Format Version 12.00
# Visual Studio 15
VisualStudioVersion = 15.0.28307.1433
MinimumVisualStudioVersion = 10.0.40219.1
Project("{FAE04EC0-301F-11D3-BF4B-00C04F79EFBC}") = "MensajeroApp", "MensajeroApp\MensajeroApp.csproj", "{CAB8F7FE-1EE4-48E6-A160-B58F9850E108}"
EndProject
Project("{FAE04EC0-301F-11D3-BF4B-00C04F79EFBC}") = "MensajeroModel", "MensajeroModel\MensajeroModel.csproj", "{CCB467B7-971C-408F-BA5E-0A2421E7E999}"
EndProject
Global
	GlobalSection(SolutionConfigurationPlatforms) = preSolution
		Debug|Any CPU = Debug|Any CPU
		Release|Any CPU = Release|Any CPU
	EndGlobalSection
	GlobalSection(ProjectConfigurationPlatforms) = postSolution
		{CAB8F7FE-1EE4-48E6-A160-B58F9850E108}.Debug|Any CPU.ActiveCfg = Debug|Any CPU
		{CAB8F7FE-1EE4-48E6-A160-B58F9850E108}.Debug|Any CPU.Build.0 = Debug|Any CPU
		{CAB8F7FE-1EE4-48E6-A160-B58F9850E108}.Release|Any CPU.ActiveCfg = Release|Any CPU
		{CAB8F7FE-1EE4-48E6-A160-B58F9850E108}.Release|Any CPU.Build.0 = Release|Any CPU
		{CCB467B7-971C-408F-BA5E-0A2421E7E999}.Debug|Any CPU.ActiveCfg = Debug|Any CPU
		{CCB467B7-971C-408F-BA5E-0A2421E7E999}.Debug|Any CPU.Build.0 = Debug|Any CPU
		{CCB467B7-971C-408F-BA5E-0A2421E7E999}.Release|Any CPU.ActiveCfg = Release|Any CPU
		{CCB467B7-971C-408F-BA5E-0A2421E7E999}.Release|Any CPU.Build.0 = Release|Any CPU
	EndGlobalSection
	GlobalSection(SolutionProperties) = preSolution
		HideSolutionNode = FALSE
	EndGlobalSection
	GlobalSection(ExtensibilityGlobals) = postSolution
		SolutionGuid = {0A78994E-6E01-4789-BBA4-8A610633205A}
	EndGlobalSection
EndGlobal
